
Microsoft Visual Studio Solution File, Format Version 12.00
# Visual Studio Version 17
VisualStudioVersion = 17.11.35103.136
MinimumVisualStudioVersion = 10.0.40219.1
Project("{FAE04EC0-301F-11D3-BF4B-00C04F79EFBC}") = "ConsoleApp5", "ConsoleApp5.csproj", "{7F63FEC3-95CF-4B62-8241-BFDCF4319E26}"
EndProject
Global
	GlobalSection(SolutionConfigurationPlatforms) = preSolution
		Debug|Any CPU = Debug|Any CPU
		Release|Any CPU = Release|Any CPU
	EndGlobalSection
	GlobalSection(ProjectConfigurationPlatforms) = postSolution
		{7F63FEC3-95CF-4B62-8241-BFDCF4319E26}.Debug|Any CPU.ActiveCfg = Debug|Any CPU
		{7F63FEC3-95CF-4B62-8241-BFDCF4319E26}.Debug|Any CPU.Build.0 = Debug|Any CPU
		{7F63FEC3-95CF-4B62-8241-BFDCF4319E26}.Release|Any CPU.ActiveCfg = Release|Any CPU
		{7F63FEC3-95CF-4B62-8241-BFDCF4319E26}.Release|Any CPU.Build.0 = Release|Any CPU
	EndGlobalSection
	GlobalSection(SolutionProperties) = preSolution
		HideSolutionNode = FALSE
	EndGlobalSection
	GlobalSection(ExtensibilityGlobals) = postSolution
		SolutionGuid = {44497B4B-0F1D-42AB-A5FE-D2342B727079}
	EndGlobalSection
EndGlobal
